{
	"requires": true,
	"lockfileVersion": 1,
	"dependencies": {
		"axios": {
			"version": "0.17.1",
			"resolved": "https://registry.npmjs.org/axios/-/axios-0.17.1.tgz",
			"integrity": "sha1-LY4+XQvb1zJ/kbyBT1xXZg+Bgk0=",
			"requires": {
				"follow-redirects": "1.3.0",
				"is-buffer": "1.1.6"
			},
			"dependencies": {
				"debug": {
					"version": "3.1.0",
					"resolved": "https://registry.npmjs.org/debug/-/debug-3.1.0.tgz",
					"integrity": "sha512-OX8XqP7/1a9cqkxYw2yXss15f26NKWBpDXQd0/uK/KPqdQhxbPa994hnzjcE2VqQpDslf55723cKPUOGSmMY3g==",
					"requires": {
						"ms": "2.0.0"
					}
				},
				"follow-redirects": {
					"version": "1.3.0",
					"resolved": "https://registry.npmjs.org/follow-redirects/-/follow-redirects-1.3.0.tgz",
					"integrity": "sha1-9oSHH8EW0uMp/aVe9naH9Pq8kFw=",
					"requires": {
						"debug": "3.1.0"
					}
				},
				"is-buffer": {
					"version": "1.1.6",
					"resolved": "https://registry.npmjs.org/is-buffer/-/is-buffer-1.1.6.tgz",
					"integrity": "sha512-NcdALwpXkTm5Zvvbk7owOUSvVvBKDgKP5/ewfXEznmQFfs4ZRmanOeKBTjRVjka3QFoN6XJ+9F3USqfHqTaU5w=="
				},
				"ms": {
					"version": "2.0.0",
					"resolved": "https://registry.npmjs.org/ms/-/ms-2.0.0.tgz",
					"integrity": "sha1-VgiurfwAvmwpAd9fmGF4jeDVl8g="
				}
			}
		},
		"cross-env": {
			"version": "5.1.3",
			"resolved": "https://registry.npmjs.org/cross-env/-/cross-env-5.1.3.tgz",
			"integrity": "sha512-UOokgwvDzCT0mqRSLEkJzUhYXB1vK3E5UgDrD41QiXsm9UetcW2rCGHYz/O3p873lMJ1VZbFCF9Izkwh7nYR5A==",
			"requires": {
				"cross-spawn": "5.1.0",
				"is-windows": "1.0.1"
			},
			"dependencies": {
				"cross-spawn": {
					"version": "5.1.0",
					"resolved": "https://registry.npmjs.org/cross-spawn/-/cross-spawn-5.1.0.tgz",
					"integrity": "sha1-6L0O/uWPz/b4+UUQoKVUu/ojVEk=",
					"requires": {
						"lru-cache": "4.1.1",
						"shebang-command": "1.2.0",
						"which": "1.3.0"
					}
				},
				"is-windows": {
					"version": "1.0.1",
					"resolved": "https://registry.npmjs.org/is-windows/-/is-windows-1.0.1.tgz",
					"integrity": "sha1-MQ23D3QtJZoWo2kgK1GvhCMzENk="
				},
				"isexe": {
					"version": "2.0.0",
					"resolved": "https://registry.npmjs.org/isexe/-/isexe-2.0.0.tgz",
					"integrity": "sha1-6PvzdNxVb/iUehDcsFctYz8s+hA="
				},
				"lru-cache": {
					"version": "4.1.1",
					"resolved": "https://registry.npmjs.org/lru-cache/-/lru-cache-4.1.1.tgz",
					"integrity": "sha512-q4spe4KTfsAS1SUHLO0wz8Qiyf1+vMIAgpRYioFYDMNqKfHQbg+AVDH3i4fvpl71/P1L0dBl+fQi+P37UYf0ew==",
					"requires": {
						"pseudomap": "1.0.2",
						"yallist": "2.1.2"
					}
				},
				"pseudomap": {
					"version": "1.0.2",
					"resolved": "https://registry.npmjs.org/pseudomap/-/pseudomap-1.0.2.tgz",
					"integrity": "sha1-8FKijacOYYkX7wqKw0wa5aaChrM="
				},
				"shebang-command": {
					"version": "1.2.0",
					"resolved": "https://registry.npmjs.org/shebang-command/-/shebang-command-1.2.0.tgz",
					"integrity": "sha1-RKrGW2lbAzmJaMOfNj/uXer98eo=",
					"requires": {
						"shebang-regex": "1.0.0"
					}
				},
				"shebang-regex": {
					"version": "1.0.0",
					"resolved": "https://registry.npmjs.org/shebang-regex/-/shebang-regex-1.0.0.tgz",
					"integrity": "sha1-2kL0l0DAtC2yypcoVxyxkMmO/qM="
				},
				"which": {
					"version": "1.3.0",
					"resolved": "https://registry.npmjs.org/which/-/which-1.3.0.tgz",
					"integrity": "sha512-xcJpopdamTuY5duC/KnTTNBraPK54YwpenP4lzxU8H91GudWpFv38u0CKjclE1Wi2EH2EDz5LRcHcKbCIzqGyg==",
					"requires": {
						"isexe": "2.0.0"
					}
				},
				"yallist": {
					"version": "2.1.2",
					"resolved": "https://registry.npmjs.org/yallist/-/yallist-2.1.2.tgz",
					"integrity": "sha1-HBH5IY8HYImkfdUS+TxmmaaoHVI="
				}
			}
		},
		"mousetrap": {
			"version": "1.6.1",
			"resolved": "https://registry.npmjs.org/mousetrap/-/mousetrap-1.6.1.tgz",
			"integrity": "sha1-KghfXHUSlMdefoH27CVFspy/Qtk="
		},
		"prop-types": {
			"version": "15.6.0",
			"resolved": "https://registry.npmjs.org/prop-types/-/prop-types-15.6.0.tgz",
			"integrity": "sha1-zq8IMCL8RrSjX2nhPvda7Q1jmFY=",
			"requires": {
				"fbjs": "0.8.16",
				"loose-envify": "1.3.1",
				"object-assign": "4.1.1"
			},
			"dependencies": {
				"asap": {
					"version": "2.0.6",
					"resolved": "https://registry.npmjs.org/asap/-/asap-2.0.6.tgz",
					"integrity": "sha1-5QNHYR1+aQlDIIu9r+vLwvuGbUY="
				},
				"core-js": {
					"version": "1.2.7",
					"resolved": "https://registry.npmjs.org/core-js/-/core-js-1.2.7.tgz",
					"integrity": "sha1-ZSKUwUZR2yj6k70tX/KYOk8IxjY="
				},
				"encoding": {
					"version": "0.1.12",
					"resolved": "https://registry.npmjs.org/encoding/-/encoding-0.1.12.tgz",
					"integrity": "sha1-U4tm8+5izRq1HsMjgp0flIDHS+s=",
					"requires": {
						"iconv-lite": "0.4.19"
					}
				},
				"fbjs": {
					"version": "0.8.16",
					"resolved": "https://registry.npmjs.org/fbjs/-/fbjs-0.8.16.tgz",
					"integrity": "sha1-XmdDL1UNxBtXK/VYR7ispk5TN9s=",
					"requires": {
						"core-js": "1.2.7",
						"isomorphic-fetch": "2.2.1",
						"loose-envify": "1.3.1",
						"object-assign": "4.1.1",
						"promise": "7.3.1",
						"setimmediate": "1.0.5",
						"ua-parser-js": "0.7.17"
					}
				},
				"iconv-lite": {
					"version": "0.4.19",
					"resolved": "https://registry.npmjs.org/iconv-lite/-/iconv-lite-0.4.19.tgz",
					"integrity": "sha512-oTZqweIP51xaGPI4uPa56/Pri/480R+mo7SeU+YETByQNhDG55ycFyNLIgta9vXhILrxXDmF7ZGhqZIcuN0gJQ=="
				},
				"is-stream": {
					"version": "1.1.0",
					"resolved": "https://registry.npmjs.org/is-stream/-/is-stream-1.1.0.tgz",
					"integrity": "sha1-EtSj3U5o4Lec6428hBc66A2RykQ="
				},
				"isomorphic-fetch": {
					"version": "2.2.1",
					"resolved": "https://registry.npmjs.org/isomorphic-fetch/-/isomorphic-fetch-2.2.1.tgz",
					"integrity": "sha1-YRrhrPFPXoH3KVB0coGf6XM1WKk=",
					"requires": {
						"node-fetch": "1.7.3",
						"whatwg-fetch": "2.0.3"
					}
				},
				"js-tokens": {
					"version": "3.0.2",
					"resolved": "https://registry.npmjs.org/js-tokens/-/js-tokens-3.0.2.tgz",
					"integrity": "sha1-mGbfOVECEw449/mWvOtlRDIJwls="
				},
				"loose-envify": {
					"version": "1.3.1",
					"resolved": "https://registry.npmjs.org/loose-envify/-/loose-envify-1.3.1.tgz",
					"integrity": "sha1-0aitM/qc4OcT1l/dCsi3SNR4yEg=",
					"requires": {
						"js-tokens": "3.0.2"
					}
				},
				"node-fetch": {
					"version": "1.7.3",
					"resolved": "https://registry.npmjs.org/node-fetch/-/node-fetch-1.7.3.tgz",
					"integrity": "sha512-NhZ4CsKx7cYm2vSrBAr2PvFOe6sWDf0UYLRqA6svUYg7+/TSfVAu49jYC4BvQ4Sms9SZgdqGBgroqfDhJdTyKQ==",
					"requires": {
						"encoding": "0.1.12",
						"is-stream": "1.1.0"
					}
				},
				"object-assign": {
					"version": "4.1.1",
					"resolved": "https://registry.npmjs.org/object-assign/-/object-assign-4.1.1.tgz",
					"integrity": "sha1-IQmtx5ZYh8/AXLvUQsrIv7s2CGM="
				},
				"promise": {
					"version": "7.3.1",
					"resolved": "https://registry.npmjs.org/promise/-/promise-7.3.1.tgz",
					"integrity": "sha512-nolQXZ/4L+bP/UGlkfaIujX9BKxGwmQ9OT4mOt5yvy8iK1h3wqTEJCijzGANTCCl9nWjY41juyAn2K3Q1hLLTg==",
					"requires": {
						"asap": "2.0.6"
					}
				},
				"setimmediate": {
					"version": "1.0.5",
					"resolved": "https://registry.npmjs.org/setimmediate/-/setimmediate-1.0.5.tgz",
					"integrity": "sha1-KQy7Iy4waULX1+qbg3Mqt4VvgoU="
				},
				"ua-parser-js": {
					"version": "0.7.17",
					"resolved": "https://registry.npmjs.org/ua-parser-js/-/ua-parser-js-0.7.17.tgz",
					"integrity": "sha512-uRdSdu1oA1rncCQL7sCj8vSyZkgtL7faaw9Tc9rZ3mGgraQ7+Pdx7w5mnOSF3gw9ZNG6oc+KXfkon3bKuROm0g=="
				},
				"whatwg-fetch": {
					"version": "2.0.3",
					"resolved": "https://registry.npmjs.org/whatwg-fetch/-/whatwg-fetch-2.0.3.tgz",
					"integrity": "sha1-nITsLc9oGH/wC8ZOEnS0QhduHIQ="
				}
			}
		},
		"query-string": {
			"version": "5.0.1",
			"resolved": "https://registry.npmjs.org/query-string/-/query-string-5.0.1.tgz",
			"integrity": "sha512-aM+MkQClojlNiKkO09tiN2Fv8jM/L7GWIjG2liWeKljlOdOPNWr+bW3KQ+w5V/uKprpezC7fAsAMsJtJ+2rLKA==",
			"requires": {
				"decode-uri-component": "0.2.0",
				"object-assign": "4.1.1",
				"strict-uri-encode": "1.1.0"
			},
			"dependencies": {
				"decode-uri-component": {
					"version": "0.2.0",
					"resolved": "https://registry.npmjs.org/decode-uri-component/-/decode-uri-component-0.2.0.tgz",
					"integrity": "sha1-6zkTMzRYd1y4TNGh+uBiEGu4dUU="
				},
				"object-assign": {
					"version": "4.1.1",
					"resolved": "https://registry.npmjs.org/object-assign/-/object-assign-4.1.1.tgz",
					"integrity": "sha1-IQmtx5ZYh8/AXLvUQsrIv7s2CGM="
				},
				"strict-uri-encode": {
					"version": "1.1.0",
					"resolved": "https://registry.npmjs.org/strict-uri-encode/-/strict-uri-encode-1.1.0.tgz",
					"integrity": "sha1-J5siXfHVgrH1TmWt3UNS4Y+qBxM="
				}
			}
		},
		"rc-pagination": {
			"version": "1.14.0",
			"resolved": "https://registry.npmjs.org/rc-pagination/-/rc-pagination-1.14.0.tgz",
			"integrity": "sha512-UBgDjXKpmGNSNUYOH1Wbc7RjvEA+o1b3eDcRqqHfSJJ2xKadYBzOBfLCaiQjJrD2jmha1EwUuXdEVhWqu9Fwaw==",
			"requires": {
				"babel-runtime": "6.26.0",
				"prop-types": "15.6.0"
			},
			"dependencies": {
				"babel-runtime": {
					"version": "6.26.0",
					"resolved": "https://registry.npmjs.org/babel-runtime/-/babel-runtime-6.26.0.tgz",
					"integrity": "sha1-llxwWGaOgrVde/4E/yM3vItWR/4=",
					"requires": {
						"core-js": "2.5.3",
						"regenerator-runtime": "0.11.1"
					}
				},
				"core-js": {
					"version": "2.5.3",
					"resolved": "https://registry.npmjs.org/core-js/-/core-js-2.5.3.tgz",
					"integrity": "sha1-isw4NFgk8W2DZbfJtCWRaOjtYD4="
				},
				"regenerator-runtime": {
					"version": "0.11.1",
					"resolved": "https://registry.npmjs.org/regenerator-runtime/-/regenerator-runtime-0.11.1.tgz",
					"integrity": "sha512-MguG95oij0fC3QV3URf4V2SDYGJhJnJGqvIIgdECeODCT98wSWDAJ94SSuVpYQUoTcGUIL6L4yNB7j1DFFHSBg=="
				}
			}
		},
		"rc-tooltip": {
			"version": "3.7.0",
			"resolved": "https://registry.npmjs.org/rc-tooltip/-/rc-tooltip-3.7.0.tgz",
			"integrity": "sha512-xEoUMatXp8OEL61UFH0+NrC39nkKzpOBhLrJCnnRpDRduU8L3DOhF6CNlIMkvg68hxlGGdquFtFw2t+1xNLX5A==",
			"requires": {
				"babel-runtime": "6.26.0",
				"prop-types": "15.6.0",
				"rc-trigger": "2.3.3"
			},
			"dependencies": {
				"add-dom-event-listener": {
					"version": "1.0.2",
					"resolved": "https://registry.npmjs.org/add-dom-event-listener/-/add-dom-event-listener-1.0.2.tgz",
					"integrity": "sha1-j67SxBAIchzxEdodMNmVuFvkK+0=",
					"requires": {
						"object-assign": "4.1.1"
					}
				},
				"asap": {
					"version": "2.0.6",
					"resolved": "https://registry.npmjs.org/asap/-/asap-2.0.6.tgz",
					"integrity": "sha1-5QNHYR1+aQlDIIu9r+vLwvuGbUY="
				},
				"babel-runtime": {
					"version": "6.26.0",
					"resolved": "https://registry.npmjs.org/babel-runtime/-/babel-runtime-6.26.0.tgz",
					"integrity": "sha1-llxwWGaOgrVde/4E/yM3vItWR/4=",
					"requires": {
						"core-js": "2.5.3",
						"regenerator-runtime": "0.11.1"
					}
				},
				"component-classes": {
					"version": "1.2.6",
					"resolved": "https://registry.npmjs.org/component-classes/-/component-classes-1.2.6.tgz",
					"integrity": "sha1-xkI5TDYYpNiwuJGe/Mu9kw5c1pE=",
					"requires": {
						"component-indexof": "0.0.3"
					}
				},
				"component-indexof": {
					"version": "0.0.3",
					"resolved": "https://registry.npmjs.org/component-indexof/-/component-indexof-0.0.3.tgz",
					"integrity": "sha1-EdCRMSI5648yyPJa6csAL/6NPCQ="
				},
				"core-js": {
					"version": "2.5.3",
					"resolved": "https://registry.npmjs.org/core-js/-/core-js-2.5.3.tgz",
					"integrity": "sha1-isw4NFgk8W2DZbfJtCWRaOjtYD4="
				},
				"create-react-class": {
					"version": "15.6.2",
					"resolved": "https://registry.npmjs.org/create-react-class/-/create-react-class-15.6.2.tgz",
					"integrity": "sha1-zx7RXxKq1/FO9fLf4F5sQvke8Co=",
					"requires": {
						"fbjs": "0.8.16",
						"loose-envify": "1.3.1",
						"object-assign": "4.1.1"
					}
				},
				"css-animation": {
					"version": "1.4.1",
					"resolved": "https://registry.npmjs.org/css-animation/-/css-animation-1.4.1.tgz",
					"integrity": "sha1-W4gTEl3g+7uwu+G0cq6EIhRpt6g=",
					"requires": {
						"babel-runtime": "6.26.0",
						"component-classes": "1.2.6"
					}
				},
				"dom-align": {
					"version": "1.6.7",
					"resolved": "https://registry.npmjs.org/dom-align/-/dom-align-1.6.7.tgz",
					"integrity": "sha512-FrHttKVCqdHaDyVjygY+8kRhcNOJEdvAkc2ltppJUz71ekgpzIOuLgsOIKVqzdETI2EocmW2DzF+uP365qcR5Q=="
				},
				"encoding": {
					"version": "0.1.12",
					"resolved": "https://registry.npmjs.org/encoding/-/encoding-0.1.12.tgz",
					"integrity": "sha1-U4tm8+5izRq1HsMjgp0flIDHS+s=",
					"requires": {
						"iconv-lite": "0.4.19"
					}
				},
				"fbjs": {
					"version": "0.8.16",
					"resolved": "https://registry.npmjs.org/fbjs/-/fbjs-0.8.16.tgz",
					"integrity": "sha1-XmdDL1UNxBtXK/VYR7ispk5TN9s=",
					"requires": {
						"core-js": "1.2.7",
						"isomorphic-fetch": "2.2.1",
						"loose-envify": "1.3.1",
						"object-assign": "4.1.1",
						"promise": "7.3.1",
						"setimmediate": "1.0.5",
						"ua-parser-js": "0.7.17"
					},
					"dependencies": {
						"core-js": {
							"version": "1.2.7",
							"resolved": "https://registry.npmjs.org/core-js/-/core-js-1.2.7.tgz",
							"integrity": "sha1-ZSKUwUZR2yj6k70tX/KYOk8IxjY="
						}
					}
				},
				"iconv-lite": {
					"version": "0.4.19",
					"resolved": "https://registry.npmjs.org/iconv-lite/-/iconv-lite-0.4.19.tgz",
					"integrity": "sha512-oTZqweIP51xaGPI4uPa56/Pri/480R+mo7SeU+YETByQNhDG55ycFyNLIgta9vXhILrxXDmF7ZGhqZIcuN0gJQ=="
				},
				"is-stream": {
					"version": "1.1.0",
					"resolved": "https://registry.npmjs.org/is-stream/-/is-stream-1.1.0.tgz",
					"integrity": "sha1-EtSj3U5o4Lec6428hBc66A2RykQ="
				},
				"isomorphic-fetch": {
					"version": "2.2.1",
					"resolved": "https://registry.npmjs.org/isomorphic-fetch/-/isomorphic-fetch-2.2.1.tgz",
					"integrity": "sha1-YRrhrPFPXoH3KVB0coGf6XM1WKk=",
					"requires": {
						"node-fetch": "1.7.3",
						"whatwg-fetch": "2.0.3"
					}
				},
				"js-tokens": {
					"version": "3.0.2",
					"resolved": "https://registry.npmjs.org/js-tokens/-/js-tokens-3.0.2.tgz",
					"integrity": "sha1-mGbfOVECEw449/mWvOtlRDIJwls="
				},
				"lodash._getnative": {
					"version": "3.9.1",
					"resolved": "https://registry.npmjs.org/lodash._getnative/-/lodash._getnative-3.9.1.tgz",
					"integrity": "sha1-VwvH3t5G1hzc3mh9ZdPuy6o6r/U="
				},
				"lodash.isarguments": {
					"version": "3.1.0",
					"resolved": "https://registry.npmjs.org/lodash.isarguments/-/lodash.isarguments-3.1.0.tgz",
					"integrity": "sha1-L1c9hcaiQon/AGY7SRwdM4/zRYo="
				},
				"lodash.isarray": {
					"version": "3.0.4",
					"resolved": "https://registry.npmjs.org/lodash.isarray/-/lodash.isarray-3.0.4.tgz",
					"integrity": "sha1-eeTriMNqgSKvhvhEqpvNhRtfu1U="
				},
				"lodash.keys": {
					"version": "3.1.2",
					"resolved": "https://registry.npmjs.org/lodash.keys/-/lodash.keys-3.1.2.tgz",
					"integrity": "sha1-TbwEcrFWvlCgsoaFXRvQsMZWCYo=",
					"requires": {
						"lodash._getnative": "3.9.1",
						"lodash.isarguments": "3.1.0",
						"lodash.isarray": "3.0.4"
					}
				},
				"loose-envify": {
					"version": "1.3.1",
					"resolved": "https://registry.npmjs.org/loose-envify/-/loose-envify-1.3.1.tgz",
					"integrity": "sha1-0aitM/qc4OcT1l/dCsi3SNR4yEg=",
					"requires": {
						"js-tokens": "3.0.2"
					}
				},
				"node-fetch": {
					"version": "1.7.3",
					"resolved": "https://registry.npmjs.org/node-fetch/-/node-fetch-1.7.3.tgz",
					"integrity": "sha512-NhZ4CsKx7cYm2vSrBAr2PvFOe6sWDf0UYLRqA6svUYg7+/TSfVAu49jYC4BvQ4Sms9SZgdqGBgroqfDhJdTyKQ==",
					"requires": {
						"encoding": "0.1.12",
						"is-stream": "1.1.0"
					}
				},
				"object-assign": {
					"version": "4.1.1",
					"resolved": "https://registry.npmjs.org/object-assign/-/object-assign-4.1.1.tgz",
					"integrity": "sha1-IQmtx5ZYh8/AXLvUQsrIv7s2CGM="
				},
				"promise": {
					"version": "7.3.1",
					"resolved": "https://registry.npmjs.org/promise/-/promise-7.3.1.tgz",
					"integrity": "sha512-nolQXZ/4L+bP/UGlkfaIujX9BKxGwmQ9OT4mOt5yvy8iK1h3wqTEJCijzGANTCCl9nWjY41juyAn2K3Q1hLLTg==",
					"requires": {
						"asap": "2.0.6"
					}
				},
				"rc-align": {
					"version": "2.3.5",
					"resolved": "https://registry.npmjs.org/rc-align/-/rc-align-2.3.5.tgz",
					"integrity": "sha512-V1AN/gMNiJ3vOzbY/H3CTxhzYH+Ri2KlsEpo1SN8/SYmI4I/ZfQpScFAgmERuIGcLStA2sOEeBNVpH2FaOd2hA==",
					"requires": {
						"babel-runtime": "6.26.0",
						"dom-align": "1.6.7",
						"prop-types": "15.6.0",
						"rc-util": "4.3.1"
					}
				},
				"rc-animate": {
					"version": "2.4.4",
					"resolved": "https://registry.npmjs.org/rc-animate/-/rc-animate-2.4.4.tgz",
					"integrity": "sha512-DjJLTUQj7XKKcuS8cczN0uOLfuSmgrVXFGieP1SZc87xUUTFGh8B/KjNmEtlfvxkSrSuVfb2rrEPER4SqKUtEA==",
					"requires": {
						"babel-runtime": "6.26.0",
						"css-animation": "1.4.1",
						"prop-types": "15.6.0"
					}
				},
				"rc-trigger": {
					"version": "2.3.3",
					"resolved": "https://registry.npmjs.org/rc-trigger/-/rc-trigger-2.3.3.tgz",
					"integrity": "sha512-j8MHq0jES4vXShFbSExyty/WVR238lrZzUfsSaIDeiziBIiUAOP6SR2HBEi2gSGK239Jm3bWIJvwGA85kFMgmQ==",
					"requires": {
						"babel-runtime": "6.26.0",
						"create-react-class": "15.6.2",
						"prop-types": "15.6.0",
						"rc-align": "2.3.5",
						"rc-animate": "2.4.4",
						"rc-util": "4.3.1"
					}
				},
				"rc-util": {
					"version": "4.3.1",
					"resolved": "https://registry.npmjs.org/rc-util/-/rc-util-4.3.1.tgz",
					"integrity": "sha512-OVNMKLePnwn0dCX/Gpc+/kGEDpmMo1Rfesg9xFcAckRd+D+YwVqV+dUJMHugP+4nRtbXi55o0HwPlkKIApYfQA==",
					"requires": {
						"add-dom-event-listener": "1.0.2",
						"babel-runtime": "6.26.0",
						"prop-types": "15.6.0",
						"shallowequal": "0.2.2"
					}
				},
				"regenerator-runtime": {
					"version": "0.11.1",
					"resolved": "https://registry.npmjs.org/regenerator-runtime/-/regenerator-runtime-0.11.1.tgz",
					"integrity": "sha512-MguG95oij0fC3QV3URf4V2SDYGJhJnJGqvIIgdECeODCT98wSWDAJ94SSuVpYQUoTcGUIL6L4yNB7j1DFFHSBg=="
				},
				"setimmediate": {
					"version": "1.0.5",
					"resolved": "https://registry.npmjs.org/setimmediate/-/setimmediate-1.0.5.tgz",
					"integrity": "sha1-KQy7Iy4waULX1+qbg3Mqt4VvgoU="
				},
				"shallowequal": {
					"version": "0.2.2",
					"resolved": "https://registry.npmjs.org/shallowequal/-/shallowequal-0.2.2.tgz",
					"integrity": "sha1-HjL9W8q2rWiKSBLLDMBO/HXHAU4=",
					"requires": {
						"lodash.keys": "3.1.2"
					}
				},
				"ua-parser-js": {
					"version": "0.7.17",
					"resolved": "https://registry.npmjs.org/ua-parser-js/-/ua-parser-js-0.7.17.tgz",
					"integrity": "sha512-uRdSdu1oA1rncCQL7sCj8vSyZkgtL7faaw9Tc9rZ3mGgraQ7+Pdx7w5mnOSF3gw9ZNG6oc+KXfkon3bKuROm0g=="
				},
				"whatwg-fetch": {
					"version": "2.0.3",
					"resolved": "https://registry.npmjs.org/whatwg-fetch/-/whatwg-fetch-2.0.3.tgz",
					"integrity": "sha1-nITsLc9oGH/wC8ZOEnS0QhduHIQ="
				}
			}
		},
		"react-redux-loading-bar": {
			"version": "3.1.1",
			"resolved": "https://registry.npmjs.org/react-redux-loading-bar/-/react-redux-loading-bar-3.1.1.tgz",
			"integrity": "sha512-5ubOTduRMD0KkO6m1TM+H4d2U/WMl2+GUO8Tpx6WgJJJFJKPPzxdXA4nqu5D/PyD9VqVYSd9+sJDTlQ+DSBUFQ==",
			"requires": {
				"prop-types": "15.6.0"
			}
		},
		"react-select": {
			"version": "1.2.1",
			"resolved": "https://registry.npmjs.org/react-select/-/react-select-1.2.1.tgz",
			"integrity": "sha512-vaCgT2bEl+uTyE/uKOEgzE5Dc/wLtzhnBvoHCeuLoJWc4WuadN6WQDhoL42DW+TziniZK2Gaqe/wUXydI3NSaQ==",
			"requires": {
				"classnames": "2.2.5",
				"prop-types": "15.6.0",
				"react-input-autosize": "2.2.1"
			},
			"dependencies": {
				"classnames": {
					"version": "2.2.5",
					"resolved": "https://registry.npmjs.org/classnames/-/classnames-2.2.5.tgz",
					"integrity": "sha1-+zgB1FNGdknvNgPH1hoCvRKb3m0="
				},
				"react-input-autosize": {
					"version": "2.2.1",
					"resolved": "https://registry.npmjs.org/react-input-autosize/-/react-input-autosize-2.2.1.tgz",
					"integrity": "sha512-3+K4CD13iE4lQQ2WlF8PuV5htfmTRLH6MDnfndHM6LuBRszuXnuyIfE7nhSKt8AzRBZ50bu0sAhkNMeS5pxQQA==",
					"requires": {
						"prop-types": "15.6.0"
					}
				}
			}
		},
		"react-virtualized": {
			"version": "9.17.1",
			"resolved": "https://registry.npmjs.org/react-virtualized/-/react-virtualized-9.17.1.tgz",
			"integrity": "sha512-Pv5uMEuL5YKAauhsysukafxuwiyT2pEpku9MSLr2qBbOSm3MM66cnxE3DX/bHyWO3JNKHPZPNuLHgZw1KTnCVA==",
			"requires": {
				"babel-runtime": "6.26.0",
				"classnames": "2.2.5",
				"dom-helpers": "3.3.1",
				"loose-envify": "1.3.1",
				"prop-types": "15.6.0"
			},
			"dependencies": {
				"babel-runtime": {
					"version": "6.26.0",
					"resolved": "https://registry.npmjs.org/babel-runtime/-/babel-runtime-6.26.0.tgz",
					"integrity": "sha1-llxwWGaOgrVde/4E/yM3vItWR/4=",
					"requires": {
						"core-js": "2.5.3",
						"regenerator-runtime": "0.11.1"
					}
				},
				"classnames": {
					"version": "2.2.5",
					"resolved": "https://registry.npmjs.org/classnames/-/classnames-2.2.5.tgz",
					"integrity": "sha1-+zgB1FNGdknvNgPH1hoCvRKb3m0="
				},
				"core-js": {
					"version": "2.5.3",
					"resolved": "https://registry.npmjs.org/core-js/-/core-js-2.5.3.tgz",
					"integrity": "sha1-isw4NFgk8W2DZbfJtCWRaOjtYD4="
				},
				"dom-helpers": {
					"version": "3.3.1",
					"resolved": "https://registry.npmjs.org/dom-helpers/-/dom-helpers-3.3.1.tgz",
					"integrity": "sha512-2Sm+JaYn74OiTM2wHvxJOo3roiq/h25Yi69Fqk269cNUwIXsCvATB6CRSFC9Am/20G2b28hGv/+7NiWydIrPvg=="
				},
				"js-tokens": {
					"version": "3.0.2",
					"resolved": "https://registry.npmjs.org/js-tokens/-/js-tokens-3.0.2.tgz",
					"integrity": "sha1-mGbfOVECEw449/mWvOtlRDIJwls="
				},
				"loose-envify": {
					"version": "1.3.1",
					"resolved": "https://registry.npmjs.org/loose-envify/-/loose-envify-1.3.1.tgz",
					"integrity": "sha1-0aitM/qc4OcT1l/dCsi3SNR4yEg=",
					"requires": {
						"js-tokens": "3.0.2"
					}
				},
				"regenerator-runtime": {
					"version": "0.11.1",
					"resolved": "https://registry.npmjs.org/regenerator-runtime/-/regenerator-runtime-0.11.1.tgz",
					"integrity": "sha512-MguG95oij0fC3QV3URf4V2SDYGJhJnJGqvIIgdECeODCT98wSWDAJ94SSuVpYQUoTcGUIL6L4yNB7j1DFFHSBg=="
				}
			}
		},
		"reapop": {
			"version": "1.1.4",
			"resolved": "https://registry.npmjs.org/reapop/-/reapop-1.1.4.tgz",
			"integrity": "sha1-4ZEZ4pKLk0tPj4nwxd2Yt+2TxDQ=",
			"requires": {
				"prop-types": "15.6.0",
				"react-transition-group": "1.2.1"
			},
			"dependencies": {
				"chain-function": {
					"version": "1.0.0",
					"resolved": "https://registry.npmjs.org/chain-function/-/chain-function-1.0.0.tgz",
					"integrity": "sha1-DUqzfn4Y6tC9xHuSB2QRjOWHM9w="
				},
				"dom-helpers": {
					"version": "3.3.1",
					"resolved": "https://registry.npmjs.org/dom-helpers/-/dom-helpers-3.3.1.tgz",
					"integrity": "sha512-2Sm+JaYn74OiTM2wHvxJOo3roiq/h25Yi69Fqk269cNUwIXsCvATB6CRSFC9Am/20G2b28hGv/+7NiWydIrPvg=="
				},
				"js-tokens": {
					"version": "3.0.2",
					"resolved": "https://registry.npmjs.org/js-tokens/-/js-tokens-3.0.2.tgz",
					"integrity": "sha1-mGbfOVECEw449/mWvOtlRDIJwls="
				},
				"loose-envify": {
					"version": "1.3.1",
					"resolved": "https://registry.npmjs.org/loose-envify/-/loose-envify-1.3.1.tgz",
					"integrity": "sha1-0aitM/qc4OcT1l/dCsi3SNR4yEg=",
					"requires": {
						"js-tokens": "3.0.2"
					}
				},
				"react-transition-group": {
					"version": "1.2.1",
					"resolved": "https://registry.npmjs.org/react-transition-group/-/react-transition-group-1.2.1.tgz",
					"integrity": "sha512-CWaL3laCmgAFdxdKbhhps+c0HRGF4c+hdM4H23+FI1QBNUyx/AMeIJGWorehPNSaKnQNOAxL7PQmqMu78CDj3Q==",
					"requires": {
						"chain-function": "1.0.0",
						"dom-helpers": "3.3.1",
						"loose-envify": "1.3.1",
						"prop-types": "15.6.0",
						"warning": "3.0.0"
					}
				},
				"warning": {
					"version": "3.0.0",
					"resolved": "https://registry.npmjs.org/warning/-/warning-3.0.0.tgz",
					"integrity": "sha1-MuU3fLVy3kqwR1O9+IIcAe1gW3w=",
					"requires": {
						"loose-envify": "1.3.1"
					}
				}
			}
		},
		"reapop-theme-wybo": {
			"version": "0.4.1",
			"resolved": "https://registry.npmjs.org/reapop-theme-wybo/-/reapop-theme-wybo-0.4.1.tgz",
			"integrity": "sha1-cDVqzWfwFsX1QR4y0uxT9upJLi0="
		},
		"redux-form": {
			"version": "7.2.3",
			"resolved": "https://registry.npmjs.org/redux-form/-/redux-form-7.2.3.tgz",
			"integrity": "sha512-UpopunO0bYMwGvKaHq5bcUUBJDvFmZ6lMM/uFfnzjpCtuP39Eb7i6UpB4OPzfuIBVpbDNIF5GRewQFvLZn9afw==",
			"requires": {
				"deep-equal": "1.0.1",
				"es6-error": "4.1.1",
				"hoist-non-react-statics": "2.3.1",
				"invariant": "2.2.2",
				"is-promise": "2.1.0",
				"lodash": "4.17.5",
				"lodash-es": "4.17.5",
				"prop-types": "15.6.0"
			},
			"dependencies": {
				"deep-equal": {
					"version": "1.0.1",
					"resolved": "https://registry.npmjs.org/deep-equal/-/deep-equal-1.0.1.tgz",
					"integrity": "sha1-9dJgKStmDghO/0zbyfCK0yR0SLU="
				},
				"es6-error": {
					"version": "4.1.1",
					"resolved": "https://registry.npmjs.org/es6-error/-/es6-error-4.1.1.tgz",
					"integrity": "sha512-Um/+FxMr9CISWh0bi5Zv0iOD+4cFh5qLeks1qhAopKVAJw3drgKbKySikp7wGhDL0HPeaja0P5ULZrxLkniUVg=="
				},
				"hoist-non-react-statics": {
					"version": "2.3.1",
					"resolved": "https://registry.npmjs.org/hoist-non-react-statics/-/hoist-non-react-statics-2.3.1.tgz",
					"integrity": "sha1-ND24TGAYxlB3iJgkATWhQg7iLOA="
				},
				"invariant": {
					"version": "2.2.2",
					"resolved": "https://registry.npmjs.org/invariant/-/invariant-2.2.2.tgz",
					"integrity": "sha1-nh9WrArNtr8wMwbzOL47IErmA2A=",
					"requires": {
						"loose-envify": "1.3.1"
					}
				},
				"is-promise": {
					"version": "2.1.0",
					"resolved": "https://registry.npmjs.org/is-promise/-/is-promise-2.1.0.tgz",
					"integrity": "sha1-eaKp7OfwlugPNtKy87wWwf9L8/o="
				},
				"js-tokens": {
					"version": "3.0.2",
					"resolved": "https://registry.npmjs.org/js-tokens/-/js-tokens-3.0.2.tgz",
					"integrity": "sha1-mGbfOVECEw449/mWvOtlRDIJwls="
				},
				"lodash": {
					"version": "4.17.5",
					"resolved": "https://registry.npmjs.org/lodash/-/lodash-4.17.5.tgz",
					"integrity": "sha512-svL3uiZf1RwhH+cWrfZn3A4+U58wbP0tGVTLQPbjplZxZ8ROD9VLuNgsRniTlLe7OlSqR79RUehXgpBW/s0IQw=="
				},
				"lodash-es": {
					"version": "4.17.5",
					"resolved": "https://registry.npmjs.org/lodash-es/-/lodash-es-4.17.5.tgz",
					"integrity": "sha512-Ez3ONp3TK9gX1HYKp6IhetcVybD+2F+Yp6GS9dfH8ue6EOCEzQtQEh4K0FYWBP9qLv+lzeQAYXw+3ySfxyZqkw=="
				},
				"loose-envify": {
					"version": "1.3.1",
					"resolved": "https://registry.npmjs.org/loose-envify/-/loose-envify-1.3.1.tgz",
					"integrity": "sha1-0aitM/qc4OcT1l/dCsi3SNR4yEg=",
					"requires": {
						"js-tokens": "3.0.2"
					}
				}
			}
		},
		"revalidate": {
			"version": "1.2.0",
			"resolved": "https://registry.npmjs.org/revalidate/-/revalidate-1.2.0.tgz",
			"integrity": "sha512-lzixPtHjSwjmn9gT3udLn/ItO7lrUfNABcLRfcUv0WX4LJ4s/WGJD1ahbJu5skczZtiV1yJQr2NslOSi8I+CiA==",
			"requires": {
				"lodash": "4.17.4",
				"object-assign": "4.1.1"
			},
			"dependencies": {
				"lodash": {
					"version": "4.17.4",
					"resolved": "https://registry.npmjs.org/lodash/-/lodash-4.17.4.tgz",
					"integrity": "sha1-eCA6TRwyiuHYbcpkYONptX9AVa4="
				},
				"object-assign": {
					"version": "4.1.1",
					"resolved": "https://registry.npmjs.org/object-assign/-/object-assign-4.1.1.tgz",
					"integrity": "sha1-IQmtx5ZYh8/AXLvUQsrIv7s2CGM="
				}
			}
		},
		"seamless-immutable": {
			"version": "7.1.2",
			"resolved": "https://registry.npmjs.org/seamless-immutable/-/seamless-immutable-7.1.2.tgz",
			"integrity": "sha1-yHoeumdnoyRVMR12YArF7d6vu2k="
		},
		"text-spinners": {
			"version": "1.0.5",
			"resolved": "https://registry.npmjs.org/text-spinners/-/text-spinners-1.0.5.tgz",
			"integrity": "sha1-gBgl4GQ8U/86s9mQ4ek93vl8uAU="
		},
		"vivi": {
			"version": "0.6.11",
			"resolved": "https://registry.npmjs.org/vivi/-/vivi-0.6.11.tgz",
			"integrity": "sha512-zuLWn8Cn9guq9Qd79Xs2yAb8EcW4FtcQXmXXHPXCMIMUjMTT9Fhm4KXmneiSRpWnl/NG5BK35AWSEwmwQDDpmQ==",
			"requires": {
				"classnames": "2.2.5",
				"date-fns": "1.29.0",
				"prop-types": "15.6.0",
				"react-highlight-words": "0.10.0",
				"react-popper": "0.7.5",
				"uncontrollable": "4.1.0"
			},
			"dependencies": {
				"classnames": {
					"version": "2.2.5",
					"resolved": "https://registry.npmjs.org/classnames/-/classnames-2.2.5.tgz",
					"integrity": "sha1-+zgB1FNGdknvNgPH1hoCvRKb3m0="
				},
				"date-fns": {
					"version": "1.29.0",
					"resolved": "https://registry.npmjs.org/date-fns/-/date-fns-1.29.0.tgz",
					"integrity": "sha512-lbTXWZ6M20cWH8N9S6afb0SBm6tMk+uUg6z3MqHPKE9atmsY3kJkTm8vKe93izJ2B2+q5MV990sM2CHgtAZaOw=="
				},
				"highlight-words-core": {
					"version": "1.1.2",
					"resolved": "https://registry.npmjs.org/highlight-words-core/-/highlight-words-core-1.1.2.tgz",
					"integrity": "sha512-iBKBNeN/kH/D67j/Gouuz4Ev1TMAziwd8f9JE2EbtmhyBtk96Ij/9MS/ZEfv7sRf6TsKcle86GP0Oruh2uE9Nw=="
				},
				"invariant": {
					"version": "2.2.2",
					"resolved": "https://registry.npmjs.org/invariant/-/invariant-2.2.2.tgz",
					"integrity": "sha1-nh9WrArNtr8wMwbzOL47IErmA2A=",
					"requires": {
						"loose-envify": "1.3.1"
					}
				},
				"js-tokens": {
					"version": "3.0.2",
					"resolved": "https://registry.npmjs.org/js-tokens/-/js-tokens-3.0.2.tgz",
					"integrity": "sha1-mGbfOVECEw449/mWvOtlRDIJwls="
				},
				"loose-envify": {
					"version": "1.3.1",
					"resolved": "https://registry.npmjs.org/loose-envify/-/loose-envify-1.3.1.tgz",
					"integrity": "sha1-0aitM/qc4OcT1l/dCsi3SNR4yEg=",
					"requires": {
						"js-tokens": "3.0.2"
					}
				},
				"popper.js": {
					"version": "1.12.9",
					"resolved": "https://registry.npmjs.org/popper.js/-/popper.js-1.12.9.tgz",
					"integrity": "sha1-DfvC3/lsRRuzMu3Pz6r1ZtMx1bM="
				},
				"react-highlight-words": {
					"version": "0.10.0",
					"resolved": "https://registry.npmjs.org/react-highlight-words/-/react-highlight-words-0.10.0.tgz",
					"integrity": "sha512-/5jh6a8pir3baCOMC5j88MBmNciSwG5bXWNAAtbtDb3WYJoGn82e2zLCQFnghIBWod1h5y6/LRO8TS6ERbN5aQ==",
					"requires": {
						"highlight-words-core": "1.1.2",
						"prop-types": "15.6.0"
					}
				},
				"react-popper": {
					"version": "0.7.5",
					"resolved": "https://registry.npmjs.org/react-popper/-/react-popper-0.7.5.tgz",
					"integrity": "sha512-ya9dhhGCf74JTOB2uyksEHhIGw7w9tNZRUJF73lEq2h4H5JT6MBa4PdT4G+sx6fZwq+xKZAL/sVNAIuojPn7Dg==",
					"requires": {
						"popper.js": "1.12.9",
						"prop-types": "15.6.0"
					}
				},
				"uncontrollable": {
					"version": "4.1.0",
					"resolved": "https://registry.npmjs.org/uncontrollable/-/uncontrollable-4.1.0.tgz",
					"integrity": "sha1-4DWCkSUuGGUiLZCTmxny9J+Bwak=",
					"requires": {
						"invariant": "2.2.2"
					}
				}
			}
		}
	}
}
