# THIS IS AN AUTOGENERATED FILE. DO NOT EDIT THIS FILE DIRECTLY.
# yarn lockfile v1


add-dom-event-listener@1.x:
  version "1.0.2"
  resolved "https://registry.yarnpkg.com/add-dom-event-listener/-/add-dom-event-listener-1.0.2.tgz#8faed2c41008721cf111da1d30d995b85be42bed"
  dependencies:
    object-assign "4.x"

asap@~2.0.3:
  version "2.0.5"
  resolved "https://registry.yarnpkg.com/asap/-/asap-2.0.5.tgz#522765b50c3510490e52d7dcfe085ef9ba96958f"

axios@^0.15.3:
  version "0.15.3"
  resolved "https://registry.yarnpkg.com/axios/-/axios-0.15.3.tgz#2c9d638b2e191a08ea1d6cc988eadd6ba5bdc053"
  dependencies:
    follow-redirects "1.0.0"

babel-runtime@6.x:
  version "6.23.0"
  resolved "https://registry.yarnpkg.com/babel-runtime/-/babel-runtime-6.23.0.tgz#0a9489f144de70efb3ce4300accdb329e2fc543b"
  dependencies:
    core-js "^2.4.0"
    regenerator-runtime "^0.10.0"

blacklist@^1.1.2:
  version "1.1.4"
  resolved "https://registry.yarnpkg.com/blacklist/-/blacklist-1.1.4.tgz#b2dd09d6177625b2caa69835a37b28995fa9a2f2"

classnames@^2.2.5:
  version "2.2.5"
  resolved "https://registry.yarnpkg.com/classnames/-/classnames-2.2.5.tgz#fb3801d453467649ef3603c7d61a02bd129bde6d"

component-classes@^1.2.5:
  version "1.2.6"
  resolved "https://registry.yarnpkg.com/component-classes/-/component-classes-1.2.6.tgz#c642394c3618a4d8b0b8919efccbbd930e5cd691"
  dependencies:
    component-indexof "0.0.3"

component-indexof@0.0.3:
  version "0.0.3"
  resolved "https://registry.yarnpkg.com/component-indexof/-/component-indexof-0.0.3.tgz#11d091312239eb8f32c8f25ae9cb002ffe8d3c24"

core-js@^1.0.0:
  version "1.2.7"
  resolved "https://registry.yarnpkg.com/core-js/-/core-js-1.2.7.tgz#652294c14651db28fa93bd2d5ff2983a4f08c636"

core-js@^2.4.0:
  version "2.4.1"
  resolved "https://registry.yarnpkg.com/core-js/-/core-js-2.4.1.tgz#4de911e667b0eae9124e34254b53aea6fc618d3e"

css-animation@^1.3.0:
  version "1.3.2"
  resolved "https://registry.yarnpkg.com/css-animation/-/css-animation-1.3.2.tgz#df515820ef5903733ad2db0999403b3037b8b880"
  dependencies:
    component-classes "^1.2.5"

date-fns@^1.28.0:
  version "1.28.2"
  resolved "https://registry.yarnpkg.com/date-fns/-/date-fns-1.28.2.tgz#19e4192d68875c0bf7c9537e3f296a8ec64853ef"

debug@^2.2.0:
  version "2.6.3"
  resolved "https://registry.yarnpkg.com/debug/-/debug-2.6.3.tgz#0f7eb8c30965ec08c72accfa0130c8b79984141d"
  dependencies:
    ms "0.7.2"

dom-align@1.x:
  version "1.5.3"
  resolved "https://registry.yarnpkg.com/dom-align/-/dom-align-1.5.3.tgz#b906b616822a5e599f579ec8505e367c51da7588"

encoding@^0.1.11:
  version "0.1.12"
  resolved "https://registry.yarnpkg.com/encoding/-/encoding-0.1.12.tgz#538b66f3ee62cd1ab51ec323829d1f9480c74beb"
  dependencies:
    iconv-lite "~0.4.13"

escape-string-regexp@^1.0.5:
  version "1.0.5"
  resolved "https://registry.yarnpkg.com/escape-string-regexp/-/escape-string-regexp-1.0.5.tgz#1b61c0562190a8dff6ae3bb2cf0200ca130b86d4"

fbjs@^0.8.4:
  version "0.8.12"
  resolved "https://registry.yarnpkg.com/fbjs/-/fbjs-0.8.12.tgz#10b5d92f76d45575fd63a217d4ea02bea2f8ed04"
  dependencies:
    core-js "^1.0.0"
    isomorphic-fetch "^2.1.1"
    loose-envify "^1.0.0"
    object-assign "^4.1.0"
    promise "^7.1.1"
    setimmediate "^1.0.5"
    ua-parser-js "^0.7.9"

follow-redirects@1.0.0:
  version "1.0.0"
  resolved "https://registry.yarnpkg.com/follow-redirects/-/follow-redirects-1.0.0.tgz#8e34298cbd2e176f254effec75a1c78cc849fd37"
  dependencies:
    debug "^2.2.0"

iconv-lite@~0.4.13:
  version "0.4.15"
  resolved "https://registry.yarnpkg.com/iconv-lite/-/iconv-lite-0.4.15.tgz#fe265a218ac6a57cfe854927e9d04c19825eddeb"

invariant@^2.1.0:
  version "2.2.2"
  resolved "https://registry.yarnpkg.com/invariant/-/invariant-2.2.2.tgz#9e1f56ac0acdb6bf303306f338be3b204ae60360"
  dependencies:
    loose-envify "^1.0.0"

is-stream@^1.0.1:
  version "1.1.0"
  resolved "https://registry.yarnpkg.com/is-stream/-/is-stream-1.1.0.tgz#12d4a3dd4e68e0b79ceb8dbc84173ae80d91ca44"

isomorphic-fetch@^2.1.1:
  version "2.2.1"
  resolved "https://registry.yarnpkg.com/isomorphic-fetch/-/isomorphic-fetch-2.2.1.tgz#611ae1acf14f5e81f729507472819fe9733558a9"
  dependencies:
    node-fetch "^1.0.1"
    whatwg-fetch ">=0.10.0"

js-tokens@^3.0.0:
  version "3.0.1"
  resolved "https://registry.yarnpkg.com/js-tokens/-/js-tokens-3.0.1.tgz#08e9f132484a2c45a30907e9dc4d5567b7f114d7"

lodash._getnative@^3.0.0:
  version "3.9.1"
  resolved "https://registry.yarnpkg.com/lodash._getnative/-/lodash._getnative-3.9.1.tgz#570bc7dede46d61cdcde687d65d3eecbaa3aaff5"

lodash.isarguments@^3.0.0:
  version "3.1.0"
  resolved "https://registry.yarnpkg.com/lodash.isarguments/-/lodash.isarguments-3.1.0.tgz#2f573d85c6a24289ff00663b491c1d338ff3458a"

lodash.isarray@^3.0.0:
  version "3.0.4"
  resolved "https://registry.yarnpkg.com/lodash.isarray/-/lodash.isarray-3.0.4.tgz#79e4eb88c36a8122af86f844aa9bcd851b5fbb55"

lodash.keys@^3.1.2:
  version "3.1.2"
  resolved "https://registry.yarnpkg.com/lodash.keys/-/lodash.keys-3.1.2.tgz#4dbc0472b156be50a0b286855d1bd0b0c656098a"
  dependencies:
    lodash._getnative "^3.0.0"
    lodash.isarguments "^3.0.0"
    lodash.isarray "^3.0.0"

lodash@^4.15.0:
  version "4.17.4"
  resolved "https://registry.yarnpkg.com/lodash/-/lodash-4.17.4.tgz#78203a4d1c328ae1d86dca6460e369b57f4055ae"

loose-envify@^1.0.0:
  version "1.3.1"
  resolved "https://registry.yarnpkg.com/loose-envify/-/loose-envify-1.3.1.tgz#d1a8ad33fa9ce0e713d65fdd0ac8b748d478c848"
  dependencies:
    js-tokens "^3.0.0"

mousetrap@^1.6.0:
  version "1.6.0"
  resolved "https://registry.yarnpkg.com/mousetrap/-/mousetrap-1.6.0.tgz#0168fcabb11d07669e87490324c981208121ac4d"

ms@0.7.2:
  version "0.7.2"
  resolved "https://registry.yarnpkg.com/ms/-/ms-0.7.2.tgz#ae25cf2512b3885a1d95d7f037868d8431124765"

node-fetch@^1.0.1:
  version "1.6.3"
  resolved "https://registry.yarnpkg.com/node-fetch/-/node-fetch-1.6.3.tgz#dc234edd6489982d58e8f0db4f695029abcd8c04"
  dependencies:
    encoding "^0.1.11"
    is-stream "^1.0.1"

object-assign@4.x, object-assign@^4.1.0:
  version "4.1.1"
  resolved "https://registry.yarnpkg.com/object-assign/-/object-assign-4.1.1.tgz#2109adc7965887cfc05cbbd442cac8bfbb360863"

promise@^7.1.1:
  version "7.1.1"
  resolved "https://registry.yarnpkg.com/promise/-/promise-7.1.1.tgz#489654c692616b8aa55b0724fa809bb7db49c5bf"
  dependencies:
    asap "~2.0.3"

query-string@^4.3.2:
  version "4.3.2"
  resolved "https://registry.yarnpkg.com/query-string/-/query-string-4.3.2.tgz#ec0fd765f58a50031a3968c2431386f8947a5cdd"
  dependencies:
    object-assign "^4.1.0"
    strict-uri-encode "^1.0.0"

rc-align@2.x:
  version "2.3.3"
  resolved "https://registry.yarnpkg.com/rc-align/-/rc-align-2.3.3.tgz#15e2fd329fde9c2dec16e4a0e0ec20fba2ffdbc0"
  dependencies:
    dom-align "1.x"
    rc-util "4.x"

rc-animate@2.x:
  version "2.3.3"
  resolved "https://registry.yarnpkg.com/rc-animate/-/rc-animate-2.3.3.tgz#9f123990aa625c5867ace88412a185e46b307d03"
  dependencies:
    css-animation "^1.3.0"

rc-pagination@^1.7.5:
  version "1.8.2"
  resolved "https://registry.yarnpkg.com/rc-pagination/-/rc-pagination-1.8.2.tgz#41663ab98ab1f30def05c3d1cbc4eee0c71296e7"

rc-tooltip@^3.4.2:
  version "3.4.2"
  resolved "https://registry.yarnpkg.com/rc-tooltip/-/rc-tooltip-3.4.2.tgz#c5c89c347ed790f7f290ef825d5e24e8fb599166"
  dependencies:
    rc-trigger "1.x"

rc-trigger@1.x:
  version "1.9.1"
  resolved "https://registry.yarnpkg.com/rc-trigger/-/rc-trigger-1.9.1.tgz#70cf50cc268ff46e335ee9c95f46c94d8074275c"
  dependencies:
    babel-runtime "6.x"
    rc-align "2.x"
    rc-animate "2.x"
    rc-util "4.x"

rc-util@4.x:
  version "4.0.2"
  resolved "https://registry.yarnpkg.com/rc-util/-/rc-util-4.0.2.tgz#5804f8b141a13c8c14d7c265a7d21d298195af46"
  dependencies:
    add-dom-event-listener "1.x"
    shallowequal "^0.2.2"

react-addons-css-transition-group@^15.4.1:
  version "15.4.2"
  resolved "https://registry.yarnpkg.com/react-addons-css-transition-group/-/react-addons-css-transition-group-15.4.2.tgz#b7828834dfa14229fe07750e331e8a8cb6fb7745"
  dependencies:
    fbjs "^0.8.4"
    object-assign "^4.1.0"

react-highlighter@^0.3.3:
  version "0.3.3"
  resolved "https://registry.yarnpkg.com/react-highlighter/-/react-highlighter-0.3.3.tgz#92f8a9e3948c503a215d8eb9a778cabac2fd0ea4"
  dependencies:
    blacklist "^1.1.2"
    escape-string-regexp "^1.0.5"

reapop-theme-wybo@^0.4.1:
  version "0.4.1"
  resolved "https://registry.yarnpkg.com/reapop-theme-wybo/-/reapop-theme-wybo-0.4.1.tgz#70356acd67f016c5f5411e32d2ec53f6ea492e2d"

reapop@^1.0.0:
  version "1.0.0"
  resolved "https://registry.yarnpkg.com/reapop/-/reapop-1.0.0.tgz#5cd7873d4366d568a407fd4472afc6d8a950d211"
  dependencies:
    react-addons-css-transition-group "^15.4.1"

reflexbox@^2.2.3:
  version "2.2.3"
  resolved "https://registry.yarnpkg.com/reflexbox/-/reflexbox-2.2.3.tgz#9b9ce983dbe677cebf3a94cf2c50b8157f50c0d1"
  dependencies:
    robox "^1.0.0-beta.8"
    ruled "^1.0.1"

regenerator-runtime@^0.10.0:
  version "0.10.3"
  resolved "https://registry.yarnpkg.com/regenerator-runtime/-/regenerator-runtime-0.10.3.tgz#8c4367a904b51ea62a908ac310bf99ff90a82a3e"

revalidate@^1.1.0:
  version "1.1.0"
  resolved "https://registry.yarnpkg.com/revalidate/-/revalidate-1.1.0.tgz#2270ae63e9e8caa180b560aee6a92ace687053d3"
  dependencies:
    lodash "^4.15.0"
    object-assign "^4.1.0"

robox@^1.0.0-beta.8:
  version "1.0.0-beta.8"
  resolved "https://registry.yarnpkg.com/robox/-/robox-1.0.0-beta.8.tgz#9aaee1dacf38a8c4ca4584a80012aebab5711c73"
  dependencies:
    understyle "^1.2.0"

ruled@^1.0.1:
  version "1.0.1"
  resolved "https://registry.yarnpkg.com/ruled/-/ruled-1.0.1.tgz#8301a1accc9d2e14b6502fca7033582335c2c0f4"

seamless-immutable@^7.1.1:
  version "7.1.1"
  resolved "https://registry.yarnpkg.com/seamless-immutable/-/seamless-immutable-7.1.1.tgz#9bc9dac26f990e38c59e3b2a1c9f2346bfbd2c01"

setimmediate@^1.0.5:
  version "1.0.5"
  resolved "https://registry.yarnpkg.com/setimmediate/-/setimmediate-1.0.5.tgz#290cbb232e306942d7d7ea9b83732ab7856f8285"

shallowequal@^0.2.2:
  version "0.2.2"
  resolved "https://registry.yarnpkg.com/shallowequal/-/shallowequal-0.2.2.tgz#1e32fd5bcab6ad688a4812cb0cc04efc75c7014e"
  dependencies:
    lodash.keys "^3.1.2"

strict-uri-encode@^1.0.0:
  version "1.1.0"
  resolved "https://registry.yarnpkg.com/strict-uri-encode/-/strict-uri-encode-1.1.0.tgz#279b225df1d582b1f54e65addd4352e18faa0713"

tether@^1.4.0:
  version "1.4.0"
  resolved "https://registry.yarnpkg.com/tether/-/tether-1.4.0.tgz#0f9fa171f75bf58485d8149e94799d7ae74d1c1a"

text-spinners@^1.0.5:
  version "1.0.5"
  resolved "https://registry.yarnpkg.com/text-spinners/-/text-spinners-1.0.5.tgz#801825e0643c53ff3ab3d990e1e93ddef97cb805"

ua-parser-js@^0.7.9:
  version "0.7.12"
  resolved "https://registry.yarnpkg.com/ua-parser-js/-/ua-parser-js-0.7.12.tgz#04c81a99bdd5dc52263ea29d24c6bf8d4818a4bb"

uncontrollable@^4.0.3:
  version "4.0.3"
  resolved "https://registry.yarnpkg.com/uncontrollable/-/uncontrollable-4.0.3.tgz#06ec76cb9e02914756085d9cea0354fc746b09b4"
  dependencies:
    invariant "^2.1.0"

understyle@^1.2.0:
  version "1.3.0"
  resolved "https://registry.yarnpkg.com/understyle/-/understyle-1.3.0.tgz#df3f9a9be96779d718c3da9598fad1c2f90f24ee"
  dependencies:
    object-assign "^4.1.0"

vivi@^0.5.3:
  version "0.5.3"
  resolved "https://registry.yarnpkg.com/vivi/-/vivi-0.5.3.tgz#c165c6d684bb912eb27bc448f81a4abe6b363773"
  dependencies:
    classnames "^2.2.5"
    date-fns "^1.28.0"
    react-highlighter "^0.3.3"
    tether "^1.4.0"
    uncontrollable "^4.0.3"

whatwg-fetch@>=0.10.0:
  version "2.0.3"
  resolved "https://registry.yarnpkg.com/whatwg-fetch/-/whatwg-fetch-2.0.3.tgz#9c84ec2dcf68187ff00bc64e1274b442176e1c84"
